
Microsoft Visual Studio Solution File, Format Version 12.00
# Visual Studio Version 16
VisualStudioVersion = 16.0.29519.87
MinimumVisualStudioVersion = 10.0.40219.1
Project("{FAE04EC0-301F-11D3-BF4B-00C04F79EFBC}") = "finalProPType.Android", "finalProPType\finalProPType.Android\finalProPType.Android.csproj", "{A3618D40-A28B-4B33-B88B-23A8A7AC843F}"
EndProject
Project("{FAE04EC0-301F-11D3-BF4B-00C04F79EFBC}") = "finalProPType.iOS", "finalProPType\finalProPType.iOS\finalProPType.iOS.csproj", "{8A33CD16-6E2D-4624-90CB-09BF6E634F80}"
EndProject
Project("{FAE04EC0-301F-11D3-BF4B-00C04F79EFBC}") = "finalProPType", "finalProPType\finalProPType\finalProPType.csproj", "{DAFFE4FC-507C-4796-8C48-A0913C6DE4A7}"
EndProject
Global
	GlobalSection(SolutionConfigurationPlatforms) = preSolution
		Debug|Any CPU = Debug|Any CPU
		Debug|iPhone = Debug|iPhone
		Debug|iPhoneSimulator = Debug|iPhoneSimulator
		Release|Any CPU = Release|Any CPU
		Release|iPhone = Release|iPhone
		Release|iPhoneSimulator = Release|iPhoneSimulator
	EndGlobalSection
	GlobalSection(ProjectConfigurationPlatforms) = postSolution
		{A3618D40-A28B-4B33-B88B-23A8A7AC843F}.Debug|Any CPU.ActiveCfg = Debug|Any CPU
		{A3618D40-A28B-4B33-B88B-23A8A7AC843F}.Debug|Any CPU.Build.0 = Debug|Any CPU
		{A3618D40-A28B-4B33-B88B-23A8A7AC843F}.Debug|Any CPU.Deploy.0 = Debug|Any CPU
		{A3618D40-A28B-4B33-B88B-23A8A7AC843F}.Debug|iPhone.ActiveCfg = Debug|Any CPU
		{A3618D40-A28B-4B33-B88B-23A8A7AC843F}.Debug|iPhone.Build.0 = Debug|Any CPU
		{A3618D40-A28B-4B33-B88B-23A8A7AC843F}.Debug|iPhone.Deploy.0 = Debug|Any CPU
		{A3618D40-A28B-4B33-B88B-23A8A7AC843F}.Debug|iPhoneSimulator.ActiveCfg = Debug|Any CPU
		{A3618D40-A28B-4B33-B88B-23A8A7AC843F}.Debug|iPhoneSimulator.Build.0 = Debug|Any CPU
		{A3618D40-A28B-4B33-B88B-23A8A7AC843F}.Debug|iPhoneSimulator.Deploy.0 = Debug|Any CPU
		{A3618D40-A28B-4B33-B88B-23A8A7AC843F}.Release|Any CPU.ActiveCfg = Release|Any CPU
		{A3618D40-A28B-4B33-B88B-23A8A7AC843F}.Release|Any CPU.Build.0 = Release|Any CPU
		{A3618D40-A28B-4B33-B88B-23A8A7AC843F}.Release|Any CPU.Deploy.0 = Release|Any CPU
		{A3618D40-A28B-4B33-B88B-23A8A7AC843F}.Release|iPhone.ActiveCfg = Release|Any CPU
		{A3618D40-A28B-4B33-B88B-23A8A7AC843F}.Release|iPhone.Build.0 = Release|Any CPU
		{A3618D40-A28B-4B33-B88B-23A8A7AC843F}.Release|iPhone.Deploy.0 = Release|Any CPU
		{A3618D40-A28B-4B33-B88B-23A8A7AC843F}.Release|iPhoneSimulator.ActiveCfg = Release|Any CPU
		{A3618D40-A28B-4B33-B88B-23A8A7AC843F}.Release|iPhoneSimulator.Build.0 = Release|Any CPU
		{A3618D40-A28B-4B33-B88B-23A8A7AC843F}.Release|iPhoneSimulator.Deploy.0 = Release|Any CPU
		{8A33CD16-6E2D-4624-90CB-09BF6E634F80}.Debug|Any CPU.ActiveCfg = Debug|iPhoneSimulator
		{8A33CD16-6E2D-4624-90CB-09BF6E634F80}.Debug|Any CPU.Build.0 = Debug|iPhoneSimulator
		{8A33CD16-6E2D-4624-90CB-09BF6E634F80}.Debug|Any CPU.Deploy.0 = Debug|iPhoneSimulator
		{8A33CD16-6E2D-4624-90CB-09BF6E634F80}.Debug|iPhone.ActiveCfg = Debug|iPhone
		{8A33CD16-6E2D-4624-90CB-09BF6E634F80}.Debug|iPhone.Build.0 = Debug|iPhone
		{8A33CD16-6E2D-4624-90CB-09BF6E634F80}.Debug|iPhone.Deploy.0 = Debug|iPhone
		{8A33CD16-6E2D-4624-90CB-09BF6E634F80}.Debug|iPhoneSimulator.ActiveCfg = Debug|iPhoneSimulator
		{8A33CD16-6E2D-4624-90CB-09BF6E634F80}.Debug|iPhoneSimulator.Build.0 = Debug|iPhoneSimulator
		{8A33CD16-6E2D-4624-90CB-09BF6E634F80}.Debug|iPhoneSimulator.Deploy.0 = Debug|iPhoneSimulator
		{8A33CD16-6E2D-4624-90CB-09BF6E634F80}.Release|Any CPU.ActiveCfg = Release|iPhone
		{8A33CD16-6E2D-4624-90CB-09BF6E634F80}.Release|Any CPU.Build.0 = Release|iPhone
		{8A33CD16-6E2D-4624-90CB-09BF6E634F80}.Release|Any CPU.Deploy.0 = Release|iPhone
		{8A33CD16-6E2D-4624-90CB-09BF6E634F80}.Release|iPhone.ActiveCfg = Release|iPhone
		{8A33CD16-6E2D-4624-90CB-09BF6E634F80}.Release|iPhone.Build.0 = Release|iPhone
		{8A33CD16-6E2D-4624-90CB-09BF6E634F80}.Release|iPhone.Deploy.0 = Release|iPhone
		{8A33CD16-6E2D-4624-90CB-09BF6E634F80}.Release|iPhoneSimulator.ActiveCfg = Release|iPhoneSimulator
		{8A33CD16-6E2D-4624-90CB-09BF6E634F80}.Release|iPhoneSimulator.Build.0 = Release|iPhoneSimulator
		{8A33CD16-6E2D-4624-90CB-09BF6E634F80}.Release|iPhoneSimulator.Deploy.0 = Release|iPhoneSimulator
		{DAFFE4FC-507C-4796-8C48-A0913C6DE4A7}.Debug|Any CPU.ActiveCfg = Debug|Any CPU
		{DAFFE4FC-507C-4796-8C48-A0913C6DE4A7}.Debug|Any CPU.Build.0 = Debug|Any CPU
		{DAFFE4FC-507C-4796-8C48-A0913C6DE4A7}.Debug|Any CPU.Deploy.0 = Debug|Any CPU
		{DAFFE4FC-507C-4796-8C48-A0913C6DE4A7}.Debug|iPhone.ActiveCfg = Debug|Any CPU
		{DAFFE4FC-507C-4796-8C48-A0913C6DE4A7}.Debug|iPhone.Build.0 = Debug|Any CPU
		{DAFFE4FC-507C-4796-8C48-A0913C6DE4A7}.Debug|iPhone.Deploy.0 = Debug|Any CPU
		{DAFFE4FC-507C-4796-8C48-A0913C6DE4A7}.Debug|iPhoneSimulator.ActiveCfg = Debug|Any CPU
		{DAFFE4FC-507C-4796-8C48-A0913C6DE4A7}.Debug|iPhoneSimulator.Build.0 = Debug|Any CPU
		{DAFFE4FC-507C-4796-8C48-A0913C6DE4A7}.Debug|iPhoneSimulator.Deploy.0 = Debug|Any CPU
		{DAFFE4FC-507C-4796-8C48-A0913C6DE4A7}.Release|Any CPU.ActiveCfg = Release|Any CPU
		{DAFFE4FC-507C-4796-8C48-A0913C6DE4A7}.Release|Any CPU.Build.0 = Release|Any CPU
		{DAFFE4FC-507C-4796-8C48-A0913C6DE4A7}.Release|Any CPU.Deploy.0 = Release|Any CPU
		{DAFFE4FC-507C-4796-8C48-A0913C6DE4A7}.Release|iPhone.ActiveCfg = Release|Any CPU
		{DAFFE4FC-507C-4796-8C48-A0913C6DE4A7}.Release|iPhone.Build.0 = Release|Any CPU
		{DAFFE4FC-507C-4796-8C48-A0913C6DE4A7}.Release|iPhone.Deploy.0 = Release|Any CPU
		{DAFFE4FC-507C-4796-8C48-A0913C6DE4A7}.Release|iPhoneSimulator.ActiveCfg = Release|Any CPU
		{DAFFE4FC-507C-4796-8C48-A0913C6DE4A7}.Release|iPhoneSimulator.Build.0 = Release|Any CPU
		{DAFFE4FC-507C-4796-8C48-A0913C6DE4A7}.Release|iPhoneSimulator.Deploy.0 = Release|Any CPU
	EndGlobalSection
	GlobalSection(SolutionProperties) = preSolution
		HideSolutionNode = FALSE
	EndGlobalSection
	GlobalSection(ExtensibilityGlobals) = postSolution
		SolutionGuid = {981354CD-37E0-4014-AD00-FC0E39E5C352}
	EndGlobalSection
EndGlobal
